
Microsoft Visual Studio Solution File, Format Version 12.00
# Visual Studio Version 17
VisualStudioVersion = 17.4.33213.308
MinimumVisualStudioVersion = 10.0.40219.1
Project("{FAE04EC0-301F-11D3-BF4B-00C04F79EFBC}") = "ChallengeApp", "ChallengeApp\ChallengeApp.csproj", "{C75B0867-4633-4838-89C8-845B08FCC3F0}"
EndProject
Global
	GlobalSection(SolutionConfigurationPlatforms) = preSolution
		Debug|Any CPU = Debug|Any CPU
		Release|Any CPU = Release|Any CPU
	EndGlobalSection
	GlobalSection(ProjectConfigurationPlatforms) = postSolution
		{C75B0867-4633-4838-89C8-845B08FCC3F0}.Debug|Any CPU.ActiveCfg = Debug|Any CPU
		{C75B0867-4633-4838-89C8-845B08FCC3F0}.Debug|Any CPU.Build.0 = Debug|Any CPU
		{C75B0867-4633-4838-89C8-845B08FCC3F0}.Release|Any CPU.ActiveCfg = Release|Any CPU
		{C75B0867-4633-4838-89C8-845B08FCC3F0}.Release|Any CPU.Build.0 = Release|Any CPU
	EndGlobalSection
	GlobalSection(SolutionProperties) = preSolution
		HideSolutionNode = FALSE
	EndGlobalSection
	GlobalSection(ExtensibilityGlobals) = postSolution
		SolutionGuid = {CBAAD6E6-9B54-4775-9199-242C70FE2F02}
	EndGlobalSection
EndGlobal
